
Microsoft Visual Studio Solution File, Format Version 12.00
# Visual Studio Version 17
VisualStudioVersion = 17.4.33403.182
MinimumVisualStudioVersion = 10.0.40219.1
Project("{2150E333-8FDC-42A3-9474-1A3956D46DE8}") = "Services", "Services", "{D0F532B0-184D-44B0-B268-5F4041EB57CB}"
EndProject
Project("{2150E333-8FDC-42A3-9474-1A3956D46DE8}") = "Catalog", "Catalog", "{8EA0F986-F5C2-4E3F-BB1E-955F66C52978}"
EndProject
Project("{9A19103F-16F7-4668-BE54-9A1E7A4F7556}") = "Catalog.API", "Services\Catalog\Catalog.API\Catalog.API.csproj", "{D756999C-2F1D-4165-9BA7-D42DD658A454}"
EndProject
Project("{2150E333-8FDC-42A3-9474-1A3956D46DE8}") = "Basket", "Basket", "{5EC719B2-F6C1-4ADD-8A6D-9759121463B0}"
EndProject
Project("{9A19103F-16F7-4668-BE54-9A1E7A4F7556}") = "Basket.API", "Services\Basket\Basket.API\Basket.API.csproj", "{970BF827-8498-4364-B0D0-D3F076E168EE}"
EndProject
Project("{E53339B2-1760-4266-BCC7-CA923CBCF16C}") = "docker-compose", "docker-compose.dcproj", "{508CB1AA-F58A-4A9E-8EC6-2827EEB808A5}"
EndProject
Project("{2150E333-8FDC-42A3-9474-1A3956D46DE8}") = "Identity", "Identity", "{A288A399-03F1-4157-B6FD-8F329C53F661}"
EndProject
Project("{9A19103F-16F7-4668-BE54-9A1E7A4F7556}") = "Identity.API", "Services\Identity\Identity.API\Identity.API.csproj", "{74239475-45A0-41D1-864F-3D104BF8435E}"
EndProject
Project("{2150E333-8FDC-42A3-9474-1A3956D46DE8}") = "Discount", "Discount", "{2A8B9925-38FB-4F29-9F26-BD9462590CD0}"
EndProject
Project("{9A19103F-16F7-4668-BE54-9A1E7A4F7556}") = "Discount.API", "Services\Discount\Discount.API\Discount.API.csproj", "{8FB222A8-6990-49DB-9CF0-93D5812540F9}"
EndProject
Project("{9A19103F-16F7-4668-BE54-9A1E7A4F7556}") = "Discount.Grpc", "Services\Discount\Discount.Grpc\Discount.Grpc.csproj", "{D33A375F-C877-470D-8C73-A65C83996951}"
EndProject
Project("{2150E333-8FDC-42A3-9474-1A3956D46DE8}") = "Ordering", "Ordering", "{33F01BAA-8F03-49CC-A396-54465E246494}"
EndProject
Project("{9A19103F-16F7-4668-BE54-9A1E7A4F7556}") = "Ordering.API", "Services\Ordering\Ordering.API\Ordering.API.csproj", "{7D95B7F0-74E6-4B86-921A-A51CEEC6E9A6}"
EndProject
Project("{9A19103F-16F7-4668-BE54-9A1E7A4F7556}") = "Ordering.Domain", "Services\Ordering\Ordering.Domain\Ordering.Domain.csproj", "{033B4EB3-67B7-44C4-8531-9E07A85C477D}"
EndProject
Project("{9A19103F-16F7-4668-BE54-9A1E7A4F7556}") = "Ordering.Application", "Services\Ordering\Ordering.Application\Ordering.Application.csproj", "{0232C862-1206-4624-9EB7-766E1EBA886D}"
EndProject
Project("{9A19103F-16F7-4668-BE54-9A1E7A4F7556}") = "Ordering.Infrastructure", "Services\Ordering\Ordering.Infrastructure\Ordering.Infrastructure.csproj", "{B93721BF-82D5-495F-A176-25F314030405}"
EndProject
Project("{2150E333-8FDC-42A3-9474-1A3956D46DE8}") = "BuildingBlocks", "BuildingBlocks", "{B483BB35-EA71-4043-889B-80FE6173732F}"
EndProject
Project("{9A19103F-16F7-4668-BE54-9A1E7A4F7556}") = "EventBus.Messages", "BuildingBlocks\EventBus.Messages\EventBus.Messages.csproj", "{C2195B6B-B8D3-4765-B10A-5A8BC9D38916}"
EndProject
Project("{2150E333-8FDC-42A3-9474-1A3956D46DE8}") = "ApiGateways", "ApiGateways", "{D20CDBFE-04F2-42C9-88CC-28FC06D9FFEE}"
EndProject
Project("{9A19103F-16F7-4668-BE54-9A1E7A4F7556}") = "OcelotApiGateway", "ApiGateways\OcelotApiGateway\OcelotApiGateway.csproj", "{DBB5F55F-7FA2-49FA-8B01-C116AF3E8C80}"
EndProject
Global
	GlobalSection(SolutionConfigurationPlatforms) = preSolution
		Debug|Any CPU = Debug|Any CPU
		Release|Any CPU = Release|Any CPU
	EndGlobalSection
	GlobalSection(ProjectConfigurationPlatforms) = postSolution
		{D756999C-2F1D-4165-9BA7-D42DD658A454}.Debug|Any CPU.ActiveCfg = Debug|Any CPU
		{D756999C-2F1D-4165-9BA7-D42DD658A454}.Debug|Any CPU.Build.0 = Debug|Any CPU
		{D756999C-2F1D-4165-9BA7-D42DD658A454}.Release|Any CPU.ActiveCfg = Release|Any CPU
		{D756999C-2F1D-4165-9BA7-D42DD658A454}.Release|Any CPU.Build.0 = Release|Any CPU
		{970BF827-8498-4364-B0D0-D3F076E168EE}.Debug|Any CPU.ActiveCfg = Debug|Any CPU
		{970BF827-8498-4364-B0D0-D3F076E168EE}.Debug|Any CPU.Build.0 = Debug|Any CPU
		{970BF827-8498-4364-B0D0-D3F076E168EE}.Release|Any CPU.ActiveCfg = Release|Any CPU
		{970BF827-8498-4364-B0D0-D3F076E168EE}.Release|Any CPU.Build.0 = Release|Any CPU
		{508CB1AA-F58A-4A9E-8EC6-2827EEB808A5}.Debug|Any CPU.ActiveCfg = Debug|Any CPU
		{508CB1AA-F58A-4A9E-8EC6-2827EEB808A5}.Debug|Any CPU.Build.0 = Debug|Any CPU
		{508CB1AA-F58A-4A9E-8EC6-2827EEB808A5}.Release|Any CPU.ActiveCfg = Release|Any CPU
		{508CB1AA-F58A-4A9E-8EC6-2827EEB808A5}.Release|Any CPU.Build.0 = Release|Any CPU
		{74239475-45A0-41D1-864F-3D104BF8435E}.Debug|Any CPU.ActiveCfg = Debug|Any CPU
		{74239475-45A0-41D1-864F-3D104BF8435E}.Debug|Any CPU.Build.0 = Debug|Any CPU
		{74239475-45A0-41D1-864F-3D104BF8435E}.Release|Any CPU.ActiveCfg = Release|Any CPU
		{74239475-45A0-41D1-864F-3D104BF8435E}.Release|Any CPU.Build.0 = Release|Any CPU
		{8FB222A8-6990-49DB-9CF0-93D5812540F9}.Debug|Any CPU.ActiveCfg = Debug|Any CPU
		{8FB222A8-6990-49DB-9CF0-93D5812540F9}.Debug|Any CPU.Build.0 = Debug|Any CPU
		{8FB222A8-6990-49DB-9CF0-93D5812540F9}.Release|Any CPU.ActiveCfg = Release|Any CPU
		{8FB222A8-6990-49DB-9CF0-93D5812540F9}.Release|Any CPU.Build.0 = Release|Any CPU
		{D33A375F-C877-470D-8C73-A65C83996951}.Debug|Any CPU.ActiveCfg = Debug|Any CPU
		{D33A375F-C877-470D-8C73-A65C83996951}.Debug|Any CPU.Build.0 = Debug|Any CPU
		{D33A375F-C877-470D-8C73-A65C83996951}.Release|Any CPU.ActiveCfg = Release|Any CPU
		{D33A375F-C877-470D-8C73-A65C83996951}.Release|Any CPU.Build.0 = Release|Any CPU
		{7D95B7F0-74E6-4B86-921A-A51CEEC6E9A6}.Debug|Any CPU.ActiveCfg = Debug|Any CPU
		{7D95B7F0-74E6-4B86-921A-A51CEEC6E9A6}.Debug|Any CPU.Build.0 = Debug|Any CPU
		{7D95B7F0-74E6-4B86-921A-A51CEEC6E9A6}.Release|Any CPU.ActiveCfg = Release|Any CPU
		{7D95B7F0-74E6-4B86-921A-A51CEEC6E9A6}.Release|Any CPU.Build.0 = Release|Any CPU
		{033B4EB3-67B7-44C4-8531-9E07A85C477D}.Debug|Any CPU.ActiveCfg = Debug|Any CPU
		{033B4EB3-67B7-44C4-8531-9E07A85C477D}.Debug|Any CPU.Build.0 = Debug|Any CPU
		{033B4EB3-67B7-44C4-8531-9E07A85C477D}.Release|Any CPU.ActiveCfg = Release|Any CPU
		{033B4EB3-67B7-44C4-8531-9E07A85C477D}.Release|Any CPU.Build.0 = Release|Any CPU
		{0232C862-1206-4624-9EB7-766E1EBA886D}.Debug|Any CPU.ActiveCfg = Debug|Any CPU
		{0232C862-1206-4624-9EB7-766E1EBA886D}.Debug|Any CPU.Build.0 = Debug|Any CPU
		{0232C862-1206-4624-9EB7-766E1EBA886D}.Release|Any CPU.ActiveCfg = Release|Any CPU
		{0232C862-1206-4624-9EB7-766E1EBA886D}.Release|Any CPU.Build.0 = Release|Any CPU
		{B93721BF-82D5-495F-A176-25F314030405}.Debug|Any CPU.ActiveCfg = Debug|Any CPU
		{B93721BF-82D5-495F-A176-25F314030405}.Debug|Any CPU.Build.0 = Debug|Any CPU
		{B93721BF-82D5-495F-A176-25F314030405}.Release|Any CPU.ActiveCfg = Release|Any CPU
		{B93721BF-82D5-495F-A176-25F314030405}.Release|Any CPU.Build.0 = Release|Any CPU
		{C2195B6B-B8D3-4765-B10A-5A8BC9D38916}.Debug|Any CPU.ActiveCfg = Debug|Any CPU
		{C2195B6B-B8D3-4765-B10A-5A8BC9D38916}.Debug|Any CPU.Build.0 = Debug|Any CPU
		{C2195B6B-B8D3-4765-B10A-5A8BC9D38916}.Release|Any CPU.ActiveCfg = Release|Any CPU
		{C2195B6B-B8D3-4765-B10A-5A8BC9D38916}.Release|Any CPU.Build.0 = Release|Any CPU
		{DBB5F55F-7FA2-49FA-8B01-C116AF3E8C80}.Debug|Any CPU.ActiveCfg = Debug|Any CPU
		{DBB5F55F-7FA2-49FA-8B01-C116AF3E8C80}.Debug|Any CPU.Build.0 = Debug|Any CPU
		{DBB5F55F-7FA2-49FA-8B01-C116AF3E8C80}.Release|Any CPU.ActiveCfg = Release|Any CPU
		{DBB5F55F-7FA2-49FA-8B01-C116AF3E8C80}.Release|Any CPU.Build.0 = Release|Any CPU
	EndGlobalSection
	GlobalSection(SolutionProperties) = preSolution
		HideSolutionNode = FALSE
	EndGlobalSection
	GlobalSection(NestedProjects) = preSolution
		{8EA0F986-F5C2-4E3F-BB1E-955F66C52978} = {D0F532B0-184D-44B0-B268-5F4041EB57CB}
		{D756999C-2F1D-4165-9BA7-D42DD658A454} = {8EA0F986-F5C2-4E3F-BB1E-955F66C52978}
		{5EC719B2-F6C1-4ADD-8A6D-9759121463B0} = {D0F532B0-184D-44B0-B268-5F4041EB57CB}
		{970BF827-8498-4364-B0D0-D3F076E168EE} = {5EC719B2-F6C1-4ADD-8A6D-9759121463B0}
		{A288A399-03F1-4157-B6FD-8F329C53F661} = {D0F532B0-184D-44B0-B268-5F4041EB57CB}
		{74239475-45A0-41D1-864F-3D104BF8435E} = {A288A399-03F1-4157-B6FD-8F329C53F661}
		{2A8B9925-38FB-4F29-9F26-BD9462590CD0} = {D0F532B0-184D-44B0-B268-5F4041EB57CB}
		{8FB222A8-6990-49DB-9CF0-93D5812540F9} = {2A8B9925-38FB-4F29-9F26-BD9462590CD0}
		{D33A375F-C877-470D-8C73-A65C83996951} = {2A8B9925-38FB-4F29-9F26-BD9462590CD0}
		{33F01BAA-8F03-49CC-A396-54465E246494} = {D0F532B0-184D-44B0-B268-5F4041EB57CB}
		{7D95B7F0-74E6-4B86-921A-A51CEEC6E9A6} = {33F01BAA-8F03-49CC-A396-54465E246494}
		{033B4EB3-67B7-44C4-8531-9E07A85C477D} = {33F01BAA-8F03-49CC-A396-54465E246494}
		{0232C862-1206-4624-9EB7-766E1EBA886D} = {33F01BAA-8F03-49CC-A396-54465E246494}
		{B93721BF-82D5-495F-A176-25F314030405} = {33F01BAA-8F03-49CC-A396-54465E246494}
		{C2195B6B-B8D3-4765-B10A-5A8BC9D38916} = {B483BB35-EA71-4043-889B-80FE6173732F}
		{DBB5F55F-7FA2-49FA-8B01-C116AF3E8C80} = {D20CDBFE-04F2-42C9-88CC-28FC06D9FFEE}
	EndGlobalSection
	GlobalSection(ExtensibilityGlobals) = postSolution
		SolutionGuid = {BAC14192-59AF-4D6E-B48F-AC515D42EED1}
	EndGlobalSection
EndGlobal
